brotli-libs-1.1.0-r2.apk d026ff33193b7c9bd1f7e62f7381f78d2889833a690c7267abd861c2a16dbeb8
c-ares-1.33.1-r0.apk 06089a4258f3c56a2270387b8a2a28e49df8c0d46bd804e61ab286dd617458e5
ca-certificates-20260413-r0.apk aa8940431dd4802dc8c73dfa71a36f50e7e7a1c253688fd83cc17f37ed362cae
ca-certificates-bundle-20260413-r0.apk 05965b5144feb571c15d075797a48b19c37f8d06296c639f812569836545f402
curl-8.14.1-r2.apk a95457d1122965a870d5a7e38b72bb0be379c3aa5f0cb5ea6090fddfe769f9dd
libcrypto3-3.3.7-r0.apk 048d1e5faec26a7dfce40ad7ee8bd05f7cbc1dfead731bf7396038293776f431
libcurl-8.14.1-r2.apk 8ff35d3ce8ca98155cc58adc755acaf9f1aec8b4e9d70586df0f852f81eb2320
libidn2-2.3.7-r0.apk eebb14d01f7111da6d3b2df2a29cae4fc6672998b4059747dcdaffa8ec06b00c
libpsl-0.21.5-r1.apk b3e5c81d676045d47b9472f0cf750297d86a428259a0a69fa695564ee560aa95
libssl3-3.3.7-r0.apk ae7bcfa067a0cbe43ece334c0af7c12ac4ca93db8f510f5bb94469110dc67647
libunistring-1.2-r0.apk b1fec29a087be9da51d2d1d4fc8ff3bcedccb13c6999a830630f313678843255
musl-1.2.5-r3.apk 70705bdeb1a8d54ee1ec7ce3b06f176206f4f3b105d86cf5576d74b8277adfa0
nghttp2-libs-1.62.1-r0.apk 1d38d00e38021c5322c6c5f5f80a3727e7de7dad3a63ec491c633b247577e195
openssl-3.3.7-r0.apk c1afe5b7547a861edefa3d41d91a214c09229d127d1297986182d70542553347
zlib-1.3.2-r0.apk 39c506b74e5bf4b693179d0aefd10b161278063261ffdaa8fe704d075c64429b
zstd-libs-1.5.6-r0.apk 69793fd27f1b83c4ab1b31e02bc3f8b5a6d4f9c3508aece8a259f475e196c475
