brotli-libs-1.1.0-r2.apk 2146736e8d34bb9389c7902b942066d17bf36439a5c44aeb9b21d625d992f55d
c-ares-1.33.1-r0.apk f07a70d10515800596a93a2a4de8847fb6ca8f336d0d1d6bc721c01373a43df9
ca-certificates-20260413-r0.apk ee6c4103a49d3a78b71a766606ade7c1a4cf1e13174523636ee580dfe4c2bb6b
ca-certificates-bundle-20260413-r0.apk 52974163f51f4292491578a709b505e0c1ab095ced5eb9398e9303a0aa476cf7
curl-8.14.1-r2.apk ca95c85fe87f065d0111a32be6b44423a537a515a02c858b226d2561d5478171
libcrypto3-3.3.7-r0.apk 2831d5455f72447b266be24800b51dbadcbadf6628611cbb0e7c81f467552967
libcurl-8.14.1-r2.apk 11276806ae9be63a6d1b91c0a5d553b51ce106a8120b41f67a6f58d9d6b993ae
libidn2-2.3.7-r0.apk 9f54693247960850be5923a9b0444c993660501ec9e5e57a7e30101887fa2df5
libpsl-0.21.5-r1.apk c0186040eed5ce9184236117cffe112be15a29876984212e7dfbaf3905edc1f8
libssl3-3.3.7-r0.apk 7074e5b8fa4560e4bfd1566da365f2cf33c76be91eeeaf27d95a99fe00552164
libunistring-1.2-r0.apk bbf1d385ff4ea84147f78c343ccb1953e3139c75f862cff3550f0b823f9938b6
musl-1.2.5-r3.apk e455c49c6c3de1dfcd4b9867c35097f588de2fb01a939c77ddb149f8e6086a24
nghttp2-libs-1.62.1-r0.apk 1391bc9bae1a8e29e0179e730022e428ed1a6efe875aa862b675635c8c3f6bb7
openssl-3.3.7-r0.apk 25a282c33db50be3bc3e403d2eda19fb34eaff8cad8308b00b3ccf6389cfc72e
zlib-1.3.2-r0.apk 08057738baed0c0e2e98a0c064abaa658974915e874664fc78694999bec37609
zstd-libs-1.5.6-r0.apk accb18819efcfaead2c9e04ec632ab3941bbe03af44af1754f65b7321030de70
